
Microsoft Visual Studio Solution File, Format Version 12.00
# Visual Studio Version 17
VisualStudioVersion = 17.10.35027.167
MinimumVisualStudioVersion = 10.0.40219.1
Project("{9A19103F-16F7-4668-BE54-9A1E7A4F7556}") = "CustomerManagement", "CustomerManagement\CustomerManagement.csproj", "{076805E9-F0CE-4E59-A532-CE656146E69E}"
EndProject
Project("{9A19103F-16F7-4668-BE54-9A1E7A4F7556}") = "CustomerManagement.API", "CustomerManagement.API\CustomerManagement.API.csproj", "{76569CFF-BBFC-4AE4-BD52-85CBBB1C3BA7}"
EndProject
Global
	GlobalSection(SolutionConfigurationPlatforms) = preSolution
		Debug|Any CPU = Debug|Any CPU
		Release|Any CPU = Release|Any CPU
	EndGlobalSection
	GlobalSection(ProjectConfigurationPlatforms) = postSolution
		{076805E9-F0CE-4E59-A532-CE656146E69E}.Debug|Any CPU.ActiveCfg = Debug|Any CPU
		{076805E9-F0CE-4E59-A532-CE656146E69E}.Debug|Any CPU.Build.0 = Debug|Any CPU
		{076805E9-F0CE-4E59-A532-CE656146E69E}.Release|Any CPU.ActiveCfg = Release|Any CPU
		{076805E9-F0CE-4E59-A532-CE656146E69E}.Release|Any CPU.Build.0 = Release|Any CPU
		{76569CFF-BBFC-4AE4-BD52-85CBBB1C3BA7}.Debug|Any CPU.ActiveCfg = Debug|Any CPU
		{76569CFF-BBFC-4AE4-BD52-85CBBB1C3BA7}.Debug|Any CPU.Build.0 = Debug|Any CPU
		{76569CFF-BBFC-4AE4-BD52-85CBBB1C3BA7}.Release|Any CPU.ActiveCfg = Release|Any CPU
		{76569CFF-BBFC-4AE4-BD52-85CBBB1C3BA7}.Release|Any CPU.Build.0 = Release|Any CPU
	EndGlobalSection
	GlobalSection(SolutionProperties) = preSolution
		HideSolutionNode = FALSE
	EndGlobalSection
	GlobalSection(ExtensibilityGlobals) = postSolution
		SolutionGuid = {63C797FB-D2B3-465E-8D38-2840B18D8799}
	EndGlobalSection
EndGlobal
